{
  "name": "Axe-Core-Enhancements",
  "lockfileVersion": 2,
  "requires": true,
  "packages": {
    "": {
      "dependencies": {
        "python-shell": "^3.0.0",
        "wcag-reference-cjs": "^0.1.0"
      }
    },
    "node_modules/python-shell": {
      "version": "3.0.0",
      "resolved": "https://registry.npmjs.org/python-shell/-/python-shell-3.0.0.tgz",
      "integrity": "sha512-vlIkpJBwkhtG8d2rBbPEweg+3UXdkoduRZ0jLbIX3efYutBjTdmdmMrEQCQy9tkabH36yUjOhwTPFkH3BvoYZQ==",
      "engines": {
        "node": ">=0.10"
      }
    },
    "node_modules/wcag-reference-cjs": {
      "version": "0.1.0",
      "resolved": "https://registry.npmjs.org/wcag-reference-cjs/-/wcag-reference-cjs-0.1.0.tgz",
      "integrity": "sha512-GV5MTPqJ0QIE4I2NY9uzEQ93ruxXCrGdCq2v60SvtubAFAFIXO5aN04jOz7cJv1+VujqLeVrtufZy1ZPfUy69w==",
      "engines": {
        "node": ">=12"
      }
    }
  },
  "dependencies": {
    "python-shell": {
      "version": "3.0.0",
      "resolved": "https://registry.npmjs.org/python-shell/-/python-shell-3.0.0.tgz",
      "integrity": "sha512-vlIkpJBwkhtG8d2rBbPEweg+3UXdkoduRZ0jLbIX3efYutBjTdmdmMrEQCQy9tkabH36yUjOhwTPFkH3BvoYZQ=="
    },
    "wcag-reference-cjs": {
      "version": "0.1.0",
      "resolved": "https://registry.npmjs.org/wcag-reference-cjs/-/wcag-reference-cjs-0.1.0.tgz",
      "integrity": "sha512-GV5MTPqJ0QIE4I2NY9uzEQ93ruxXCrGdCq2v60SvtubAFAFIXO5aN04jOz7cJv1+VujqLeVrtufZy1ZPfUy69w=="
    }
  }
}
